// !$*UTF8*$!
{
	archiveVersion = 1;
	classes = {
	};
	objectVersion = 46;
	objects = {

/* Begin PBXBuildFile section */
		D03992A01D76B17C008695AA /* AlbumViewController.swift in Sources */ = {isa = PBXBuildFile; fileRef = D039929F1D76B17C008695AA /* AlbumViewController.swift */; };
		D03992A21D76B1C3008695AA /* PlayListViewController.swift in Sources */ = {isa = PBXBuildFile; fileRef = D03992A11D76B1C3008695AA /* PlayListViewController.swift */; };
		D03992C61D76C509008695AA /* SampleViewController.swift in Sources */ = {isa = PBXBuildFile; fileRef = D03992C51D76C509008695AA /* SampleViewController.swift */; };
		D03992C81D76D007008695AA /* MenuView.swift in Sources */ = {isa = PBXBuildFile; fileRef = D03992C71D76D007008695AA /* MenuView.swift */; };
		D03992CE1D781E99008695AA /* MenuCell.swift in Sources */ = {isa = PBXBuildFile; fileRef = D03992CD1D781E99008695AA /* MenuCell.swift */; };
		D04209421DA378D8004C52C4 /* Demo1ViewController.swift in Sources */ = {isa = PBXBuildFile; fileRef = D04209411DA378D8004C52C4 /* Demo1ViewController.swift */; };
		D04209441DA378F2004C52C4 /* Demo2ViewController.swift in Sources */ = {isa = PBXBuildFile; fileRef = D04209431DA378F2004C52C4 /* Demo2ViewController.swift */; };
		D04209461DA3790E004C52C4 /* Demo3ViewController.swift in Sources */ = {isa = PBXBuildFile; fileRef = D04209451DA3790E004C52C4 /* Demo3ViewController.swift */; };
		D0665FEC1D830C69004BCB13 /* ViewPagerOption.swift in Sources */ = {isa = PBXBuildFile; fileRef = D0665FEB1D830C69004BCB13 /* ViewPagerOption.swift */; };
		D09725C61D76731A0000204F /* AppDelegate.swift in Sources */ = {isa = PBXBuildFile; fileRef = D09725C51D76731A0000204F /* AppDelegate.swift */; };
		D09725C81D76731A0000204F /* ViewController.swift in Sources */ = {isa = PBXBuildFile; fileRef = D09725C71D76731A0000204F /* ViewController.swift */; };
		D09725CD1D76731A0000204F /* Assets.xcassets in Resources */ = {isa = PBXBuildFile; fileRef = D09725CC1D76731A0000204F /* Assets.xcassets */; };
		D09725D01D76731A0000204F /* LaunchScreen.storyboard in Resources */ = {isa = PBXBuildFile; fileRef = D09725CE1D76731A0000204F /* LaunchScreen.storyboard */; };
		D09725DD1D768C470000204F /* ArtistViewController.swift in Sources */ = {isa = PBXBuildFile; fileRef = D09725DC1D768C470000204F /* ArtistViewController.swift */; };
		D09725DF1D76AB640000204F /* ViewPager.swift in Sources */ = {isa = PBXBuildFile; fileRef = D09725DE1D76AB640000204F /* ViewPager.swift */; };
/* End PBXBuildFile section */

/* Begin PBXFileReference section */
		D039929F1D76B17C008695AA /* AlbumViewController.swift */ = {isa = PBXFileReference; fileEncoding = 4; lastKnownFileType = sourcecode.swift; path = AlbumViewController.swift; sourceTree = "<group>"; };
		D03992A11D76B1C3008695AA /* PlayListViewController.swift */ = {isa = PBXFileReference; fileEncoding = 4; lastKnownFileType = sourcecode.swift; path = PlayListViewController.swift; sourceTree = "<group>"; };
		D03992C51D76C509008695AA /* SampleViewController.swift */ = {isa = PBXFileReference; fileEncoding = 4; lastKnownFileType = sourcecode.swift; path = SampleViewController.swift; sourceTree = "<group>"; };
		D03992C71D76D007008695AA /* MenuView.swift */ = {isa = PBXFileReference; fileEncoding = 4; lastKnownFileType = sourcecode.swift; path = MenuView.swift; sourceTree = "<group>"; };
		D03992CD1D781E99008695AA /* MenuCell.swift */ = {isa = PBXFileReference; fileEncoding = 4; lastKnownFileType = sourcecode.swift; path = MenuCell.swift; sourceTree = "<group>"; };
		D04209411DA378D8004C52C4 /* Demo1ViewController.swift */ = {isa = PBXFileReference; fileEncoding = 4; lastKnownFileType = sourcecode.swift; path = Demo1ViewController.swift; sourceTree = "<group>"; };
		D04209431DA378F2004C52C4 /* Demo2ViewController.swift */ = {isa = PBXFileReference; fileEncoding = 4; lastKnownFileType = sourcecode.swift; path = Demo2ViewController.swift; sourceTree = "<group>"; };
		D04209451DA3790E004C52C4 /* Demo3ViewController.swift */ = {isa = PBXFileReference; fileEncoding = 4; lastKnownFileType = sourcecode.swift; path = Demo3ViewController.swift; sourceTree = "<group>"; };
		D0665FEB1D830C69004BCB13 /* ViewPagerOption.swift */ = {isa = PBXFileReference; fileEncoding = 4; lastKnownFileType = sourcecode.swift; path = ViewPagerOption.swift; sourceTree = "<group>"; };
		D09725C21D76731A0000204F /* ViewPagerDemo.app */ = {isa = PBXFileReference; explicitFileType = wrapper.application; includeInIndex = 0; path = ViewPagerDemo.app; sourceTree = BUILT_PRODUCTS_DIR; };
		D09725C51D76731A0000204F /* AppDelegate.swift */ = {isa = PBXFileReference; lastKnownFileType = sourcecode.swift; path = AppDelegate.swift; sourceTree = "<group>"; };
		D09725C71D76731A0000204F /* ViewController.swift */ = {isa = PBXFileReference; lastKnownFileType = sourcecode.swift; path = ViewController.swift; sourceTree = "<group>"; };
		D09725CC1D76731A0000204F /* Assets.xcassets */ = {isa = PBXFileReference; lastKnownFileType = folder.assetcatalog; path = Assets.xcassets; sourceTree = "<group>"; };
		D09725CF1D76731A0000204F /* Base */ = {isa = PBXFileReference; lastKnownFileType = file.storyboard; name = Base; path = Base.lproj/LaunchScreen.storyboard; sourceTree = "<group>"; };
		D09725D11D76731A0000204F /* Info.plist */ = {isa = PBXFileReference; lastKnownFileType = text.plist.xml; path = Info.plist; sourceTree = "<group>"; };
		D09725DC1D768C470000204F /* ArtistViewController.swift */ = {isa = PBXFileReference; fileEncoding = 4; lastKnownFileType = sourcecode.swift; path = ArtistViewController.swift; sourceTree = "<group>"; };
		D09725DE1D76AB640000204F /* ViewPager.swift */ = {isa = PBXFileReference; fileEncoding = 4; lastKnownFileType = sourcecode.swift; path = ViewPager.swift; sourceTree = "<group>"; };
/* End PBXFileReference section */

/* Begin PBXFrameworksBuildPhase section */
		D09725BF1D76731A0000204F /* Frameworks */ = {
			isa = PBXFrameworksBuildPhase;
			buildActionMask = 2147483647;
			files = (
			);
			runOnlyForDeploymentPostprocessing = 0;
		};
/* End PBXFrameworksBuildPhase section */

/* Begin PBXGroup section */
		D09725B91D76731A0000204F = {
			isa = PBXGroup;
			children = (
				D09725D71D76740B0000204F /* Classes */,
				D09725C41D76731A0000204F /* ViewPagerDemo */,
				D09725C31D76731A0000204F /* Products */,
			);
			sourceTree = "<group>";
		};
		D09725C31D76731A0000204F /* Products */ = {
			isa = PBXGroup;
			children = (
				D09725C21D76731A0000204F /* ViewPagerDemo.app */,
			);
			name = Products;
			sourceTree = "<group>";
		};
		D09725C41D76731A0000204F /* ViewPagerDemo */ = {
			isa = PBXGroup;
			children = (
				D09725C51D76731A0000204F /* AppDelegate.swift */,
				D09725C71D76731A0000204F /* ViewController.swift */,
				D04209411DA378D8004C52C4 /* Demo1ViewController.swift */,
				D04209431DA378F2004C52C4 /* Demo2ViewController.swift */,
				D04209451DA3790E004C52C4 /* Demo3ViewController.swift */,
				D09725DC1D768C470000204F /* ArtistViewController.swift */,
				D039929F1D76B17C008695AA /* AlbumViewController.swift */,
				D03992A11D76B1C3008695AA /* PlayListViewController.swift */,
				D03992C51D76C509008695AA /* SampleViewController.swift */,
				D09725CC1D76731A0000204F /* Assets.xcassets */,
				D09725CE1D76731A0000204F /* LaunchScreen.storyboard */,
				D09725D11D76731A0000204F /* Info.plist */,
			);
			path = ViewPagerDemo;
			sourceTree = "<group>";
		};
		D09725D71D76740B0000204F /* Classes */ = {
			isa = PBXGroup;
			children = (
				D09725DE1D76AB640000204F /* ViewPager.swift */,
				D0665FEB1D830C69004BCB13 /* ViewPagerOption.swift */,
				D03992C71D76D007008695AA /* MenuView.swift */,
				D03992CD1D781E99008695AA /* MenuCell.swift */,
			);
			path = Classes;
			sourceTree = "<group>";
		};
/* End PBXGroup section */

/* Begin PBXNativeTarget section */
		D09725C11D76731A0000204F /* ViewPagerDemo */ = {
			isa = PBXNativeTarget;
			buildConfigurationList = D09725D41D76731A0000204F /* Build configuration list for PBXNativeTarget "ViewPagerDemo" */;
			buildPhases = (
				D09725BE1D76731A0000204F /* Sources */,
				D09725BF1D76731A0000204F /* Frameworks */,
				D09725C01D76731A0000204F /* Resources */,
			);
			buildRules = (
			);
			dependencies = (
			);
			name = ViewPagerDemo;
			productName = ViewPagerDemo;
			productReference = D09725C21D76731A0000204F /* ViewPagerDemo.app */;
			productType = "com.apple.product-type.application";
		};
/* End PBXNativeTarget section */

/* Begin PBXProject section */
		D09725BA1D76731A0000204F /* Project object */ = {
			isa = PBXProject;
			attributes = {
				LastSwiftUpdateCheck = 0730;
				LastUpgradeCheck = 0730;
				ORGANIZATIONNAME = h.yamaguchi;
				TargetAttributes = {
					D09725C11D76731A0000204F = {
						CreatedOnToolsVersion = 7.3.1;
						DevelopmentTeam = 853S365UM8;
						LastSwiftMigration = 0800;
					};
				};
			};
			buildConfigurationList = D09725BD1D76731A0000204F /* Build configuration list for PBXProject "ViewPagerDemo" */;
			compatibilityVersion = "Xcode 3.2";
			developmentRegion = English;
			hasScannedForEncodings = 0;
			knownRegions = (
				en,
				Base,
			);
			mainGroup = D09725B91D76731A0000204F;
			productRefGroup = D09725C31D76731A0000204F /* Products */;
			projectDirPath = "";
			projectRoot = "";
			targets = (
				D09725C11D76731A0000204F /* ViewPagerDemo */,
			);
		};
/* End PBXProject section */

/* Begin PBXResourcesBuildPhase section */
		D09725C01D76731A0000204F /* Resources */ = {
			isa = PBXResourcesBuildPhase;
			buildActionMask = 2147483647;
			files = (
				D09725D01D76731A0000204F /* LaunchScreen.storyboard in Resources */,
				D09725CD1D76731A0000204F /* Assets.xcassets in Resources */,
			);
			runOnlyForDeploymentPostprocessing = 0;
		};
/* End PBXResourcesBuildPhase section */

/* Begin PBXSourcesBuildPhase section */
		D09725BE1D76731A0000204F /* Sources */ = {
			isa = PBXSourcesBuildPhase;
			buildActionMask = 2147483647;
			files = (
				D03992A21D76B1C3008695AA /* PlayListViewController.swift in Sources */,
				D03992A01D76B17C008695AA /* AlbumViewController.swift in Sources */,
				D09725C81D76731A0000204F /* ViewController.swift in Sources */,
				D04209421DA378D8004C52C4 /* Demo1ViewController.swift in Sources */,
				D0665FEC1D830C69004BCB13 /* ViewPagerOption.swift in Sources */,
				D09725C61D76731A0000204F /* AppDelegate.swift in Sources */,
				D03992CE1D781E99008695AA /* MenuCell.swift in Sources */,
				D03992C81D76D007008695AA /* MenuView.swift in Sources */,
				D09725DF1D76AB640000204F /* ViewPager.swift in Sources */,
				D03992C61D76C509008695AA /* SampleViewController.swift in Sources */,
				D04209461DA3790E004C52C4 /* Demo3ViewController.swift in Sources */,
				D04209441DA378F2004C52C4 /* Demo2ViewController.swift in Sources */,
				D09725DD1D768C470000204F /* ArtistViewController.swift in Sources */,
			);
			runOnlyForDeploymentPostprocessing = 0;
		};
/* End PBXSourcesBuildPhase section */

/* Begin PBXVariantGroup section */
		D09725CE1D76731A0000204F /* LaunchScreen.storyboard */ = {
			isa = PBXVariantGroup;
			children = (
				D09725CF1D76731A0000204F /* Base */,
			);
			name = LaunchScreen.storyboard;
			sourceTree = "<group>";
		};
/* End PBXVariantGroup section */

/* Begin XCBuildConfiguration section */
		D09725D21D76731A0000204F /* Debug */ = {
			isa = XCBuildConfiguration;
			buildSettings = {
				ALWAYS_SEARCH_USER_PATHS = NO;
				CLANG_ANALYZER_NONNULL = YES;
				CLANG_CXX_LANGUAGE_STANDARD = "gnu++0x";
				CLANG_CXX_LIBRARY = "libc++";
				CLANG_ENABLE_MODULES = YES;
				CLANG_ENABLE_OBJC_ARC = YES;
				CLANG_WARN_BOOL_CONVERSION = YES;
				CLANG_WARN_CONSTANT_CONVERSION = YES;
				CLANG_WARN_DIRECT_OBJC_ISA_USAGE = YES_ERROR;
				CLANG_WARN_EMPTY_BODY = YES;
				CLANG_WARN_ENUM_CONVERSION = YES;
				CLANG_WARN_INT_CONVERSION = YES;
				CLANG_WARN_OBJC_ROOT_CLASS = YES_ERROR;
				CLANG_WARN_UNREACHABLE_CODE = YES;
				CLANG_WARN__DUPLICATE_METHOD_MATCH = YES;
				"CODE_SIGN_IDENTITY[sdk=iphoneos*]" = "iPhone Developer";
				COPY_PHASE_STRIP = NO;
				DEBUG_INFORMATION_FORMAT = dwarf;
				ENABLE_STRICT_OBJC_MSGSEND = YES;
				ENABLE_TESTABILITY = YES;
				GCC_C_LANGUAGE_STANDARD = gnu99;
				GCC_DYNAMIC_NO_PIC = NO;
				GCC_NO_COMMON_BLOCKS = YES;
				GCC_OPTIMIZATION_LEVEL = 0;
				GCC_PREPROCESSOR_DEFINITIONS = (
					"DEBUG=1",
					"$(inherited)",
				);
				GCC_WARN_64_TO_32_BIT_CONVERSION = YES;
				GCC_WARN_ABOUT_RETURN_TYPE = YES_ERROR;
				GCC_WARN_UNDECLARED_SELECTOR = YES;
				GCC_WARN_UNINITIALIZED_AUTOS = YES_AGGRESSIVE;
				GCC_WARN_UNUSED_FUNCTION = YES;
				GCC_WARN_UNUSED_VARIABLE = YES;
				IPHONEOS_DEPLOYMENT_TARGET = 9.3;
				MTL_ENABLE_DEBUG_INFO = YES;
				ONLY_ACTIVE_ARCH = YES;
				SDKROOT = iphoneos;
				SWIFT_OPTIMIZATION_LEVEL = "-Onone";
			};
			name = Debug;
		};
		D09725D31D76731A0000204F /* Release */ = {
			isa = XCBuildConfiguration;
			buildSettings = {
				ALWAYS_SEARCH_USER_PATHS = NO;
				CLANG_ANALYZER_NONNULL = YES;
				CLANG_CXX_LANGUAGE_STANDARD = "gnu++0x";
				CLANG_CXX_LIBRARY = "libc++";
				CLANG_ENABLE_MODULES = YES;
				CLANG_ENABLE_OBJC_ARC = YES;
				CLANG_WARN_BOOL_CONVERSION = YES;
				CLANG_WARN_CONSTANT_CONVERSION = YES;
				CLANG_WARN_DIRECT_OBJC_ISA_USAGE = YES_ERROR;
				CLANG_WARN_EMPTY_BODY = YES;
				CLANG_WARN_ENUM_CONVERSION = YES;
				CLANG_WARN_INT_CONVERSION = YES;
				CLANG_WARN_OBJC_ROOT_CLASS = YES_ERROR;
				CLANG_WARN_UNREACHABLE_CODE = YES;
				CLANG_WARN__DUPLICATE_METHOD_MATCH = YES;
				"CODE_SIGN_IDENTITY[sdk=iphoneos*]" = "iPhone Developer";
				COPY_PHASE_STRIP = NO;
				DEBUG_INFORMATION_FORMAT = "dwarf-with-dsym";
				ENABLE_NS_ASSERTIONS = NO;
				ENABLE_STRICT_OBJC_MSGSEND = YES;
				GCC_C_LANGUAGE_STANDARD = gnu99;
				GCC_NO_COMMON_BLOCKS = YES;
				GCC_WARN_64_TO_32_BIT_CONVERSION = YES;
				GCC_WARN_ABOUT_RETURN_TYPE = YES_ERROR;
				GCC_WARN_UNDECLARED_SELECTOR = YES;
				GCC_WARN_UNINITIALIZED_AUTOS = YES_AGGRESSIVE;
				GCC_WARN_UNUSED_FUNCTION = YES;
				GCC_WARN_UNUSED_VARIABLE = YES;
				IPHONEOS_DEPLOYMENT_TARGET = 9.3;
				MTL_ENABLE_DEBUG_INFO = NO;
				SDKROOT = iphoneos;
				VALIDATE_PRODUCT = YES;
			};
			name = Release;
		};
		D09725D51D76731A0000204F /* Debug */ = {
			isa = XCBuildConfiguration;
			buildSettings = {
				ASSETCATALOG_COMPILER_APPICON_NAME = AppIcon;
				CODE_SIGN_IDENTITY = "iPhone Developer: yamaguchi hiroyuki (QTSJDXPWQQ)";
				INFOPLIST_FILE = ViewPagerDemo/Info.plist;
				IPHONEOS_DEPLOYMENT_TARGET = 8.0;
				LD_RUNPATH_SEARCH_PATHS = "$(inherited) @executable_path/Frameworks";
				PRODUCT_BUNDLE_IDENTIFIER = "jp.-.ViewPagerDemo";
				PRODUCT_NAME = "$(TARGET_NAME)";
				PROVISIONING_PROFILE = "809b30aa-ad8e-438c-9781-4e366ef8ed64";
				PROVISIONING_PROFILE_SPECIFIER = "Wildcard App";
				SWIFT_VERSION = 3.0;
			};
			name = Debug;
		};
		D09725D61D76731A0000204F /* Release */ = {
			isa = XCBuildConfiguration;
			buildSettings = {
				ASSETCATALOG_COMPILER_APPICON_NAME = AppIcon;
				CODE_SIGN_IDENTITY = "iPhone Developer";
				INFOPLIST_FILE = ViewPagerDemo/Info.plist;
				IPHONEOS_DEPLOYMENT_TARGET = 8.0;
				LD_RUNPATH_SEARCH_PATHS = "$(inherited) @executable_path/Frameworks";
				PRODUCT_BUNDLE_IDENTIFIER = "jp.-.ViewPagerDemo";
				PRODUCT_NAME = "$(TARGET_NAME)";
				PROVISIONING_PROFILE = "809b30aa-ad8e-438c-9781-4e366ef8ed64";
				PROVISIONING_PROFILE_SPECIFIER = "Wildcard App";
				SWIFT_VERSION = 3.0;
			};
			name = Release;
		};
/* End XCBuildConfiguration section */

/* Begin XCConfigurationList section */
		D09725BD1D76731A0000204F /* Build configuration list for PBXProject "ViewPagerDemo" */ = {
			isa = XCConfigurationList;
			buildConfigurations = (
				D09725D21D76731A0000204F /* Debug */,
				D09725D31D76731A0000204F /* Release */,
			);
			defaultConfigurationIsVisible = 0;
			defaultConfigurationName = Release;
		};
		D09725D41D76731A0000204F /* Build configuration list for PBXNativeTarget "ViewPagerDemo" */ = {
			isa = XCConfigurationList;
			buildConfigurations = (
				D09725D51D76731A0000204F /* Debug */,
				D09725D61D76731A0000204F /* Release */,
			);
			defaultConfigurationIsVisible = 0;
			defaultConfigurationName = Release;
		};
/* End XCConfigurationList section */
	};
	rootObject = D09725BA1D76731A0000204F /* Project object */;
}
